// !$*UTF8*$!
{
	archiveVersion = 1;
	classes = {
	};
	objectVersion = 46;
	objects = {

/* Begin PBXBuildFile section */
		4B695C921A212B9100E0B6A4 /* ObjectiveGit.framework in Frameworks */ = {isa = PBXBuildFile; fileRef = 4B695C911A212B9100E0B6A4 /* ObjectiveGit.framework */; };
		4B695C941A212BC900E0B6A4 /* CoreServices.framework in Frameworks */ = {isa = PBXBuildFile; fileRef = 4B695C931A212BC900E0B6A4 /* CoreServices.framework */; };
		4B695C961A212BEC00E0B6A4 /* View.xib in Resources */ = {isa = PBXBuildFile; fileRef = 4B695C951A212BEC00E0B6A4 /* View.xib */; };
		4B695CAB1A212C1F00E0B6A4 /* WCKeyWindow.m in Sources */ = {isa = PBXBuildFile; fileRef = 4B695CA41A212C1F00E0B6A4 /* WCKeyWindow.m */; };
		4B695CAC1A212C1F00E0B6A4 /* WCTagWatchdog.m in Sources */ = {isa = PBXBuildFile; fileRef = 4B695CA61A212C1F00E0B6A4 /* WCTagWatchdog.m */; };
		4B695CAD1A212C1F00E0B6A4 /* GTTag+Time.m in Sources */ = {isa = PBXBuildFile; fileRef = 4B695CA81A212C1F00E0B6A4 /* GTTag+Time.m */; };
		4B695CAE1A212C1F00E0B6A4 /* GTTag+Equal.m in Sources */ = {isa = PBXBuildFile; fileRef = 4B695CAA1A212C1F00E0B6A4 /* GTTag+Equal.m */; };
		4B695CC11A212C3F00E0B6A4 /* DSUnixTaskAbstractManager.m in Sources */ = {isa = PBXBuildFile; fileRef = 4B695CB51A212C3F00E0B6A4 /* DSUnixTaskAbstractManager.m */; };
		4B695CC21A212C3F00E0B6A4 /* DSUnixTaskSubProcessManager.m in Sources */ = {isa = PBXBuildFile; fileRef = 4B695CB71A212C3F00E0B6A4 /* DSUnixTaskSubProcessManager.m */; };
		4B695CC31A212C3F00E0B6A4 /* DSUnixTaskRunner.m in Sources */ = {isa = PBXBuildFile; fileRef = 4B695CBA1A212C3F00E0B6A4 /* DSUnixTaskRunner.m */; };
		4B695CC41A212C3F00E0B6A4 /* DSUnixShellTask.m in Sources */ = {isa = PBXBuildFile; fileRef = 4B695CBD1A212C3F00E0B6A4 /* DSUnixShellTask.m */; };
		4B695CC51A212C3F00E0B6A4 /* DSUnixTask.m in Sources */ = {isa = PBXBuildFile; fileRef = 4B695CC01A212C3F00E0B6A4 /* DSUnixTask.m */; };
		4BFB6AF51A21264E00174F83 /* AppKit.framework in Frameworks */ = {isa = PBXBuildFile; fileRef = 4BFB6AF41A21264E00174F83 /* AppKit.framework */; };
		4BFB6AF71A21264E00174F83 /* Foundation.framework in Frameworks */ = {isa = PBXBuildFile; fileRef = 4BFB6AF61A21264E00174F83 /* Foundation.framework */; };
		4BFB6AFC1A21264E00174F83 /* WCGitTagsPlugin.xcscheme in Resources */ = {isa = PBXBuildFile; fileRef = 4BFB6AFB1A21264E00174F83 /* WCGitTagsPlugin.xcscheme */; };
		4BFB6AFF1A21264E00174F83 /* WCGitTagsPlugin.m in Sources */ = {isa = PBXBuildFile; fileRef = 4BFB6AFE1A21264E00174F83 /* WCGitTagsPlugin.m */; };
/* End PBXBuildFile section */

/* Begin PBXFileReference section */
		4B695C911A212B9100E0B6A4 /* ObjectiveGit.framework */ = {isa = PBXFileReference; lastKnownFileType = wrapper.framework; path = ObjectiveGit.framework; sourceTree = "<group>"; };
		4B695C931A212BC900E0B6A4 /* CoreServices.framework */ = {isa = PBXFileReference; lastKnownFileType = wrapper.framework; name = CoreServices.framework; path = System/Library/Frameworks/CoreServices.framework; sourceTree = SDKROOT; };
		4B695C951A212BEC00E0B6A4 /* View.xib */ = {isa = PBXFileReference; fileEncoding = 4; lastKnownFileType = file.xib; path = View.xib; sourceTree = "<group>"; };
		4B695CA31A212C1F00E0B6A4 /* WCKeyWindow.h */ = {isa = PBXFileReference; fileEncoding = 4; lastKnownFileType = sourcecode.c.h; path = WCKeyWindow.h; sourceTree = "<group>"; };
		4B695CA41A212C1F00E0B6A4 /* WCKeyWindow.m */ = {isa = PBXFileReference; fileEncoding = 4; lastKnownFileType = sourcecode.c.objc; path = WCKeyWindow.m; sourceTree = "<group>"; };
		4B695CA51A212C1F00E0B6A4 /* WCTagWatchdog.h */ = {isa = PBXFileReference; fileEncoding = 4; lastKnownFileType = sourcecode.c.h; path = WCTagWatchdog.h; sourceTree = "<group>"; };
		4B695CA61A212C1F00E0B6A4 /* WCTagWatchdog.m */ = {isa = PBXFileReference; fileEncoding = 4; lastKnownFileType = sourcecode.c.objc; path = WCTagWatchdog.m; sourceTree = "<group>"; };
		4B695CA71A212C1F00E0B6A4 /* GTTag+Time.h */ = {isa = PBXFileReference; fileEncoding = 4; lastKnownFileType = sourcecode.c.h; path = "GTTag+Time.h"; sourceTree = "<group>"; };
		4B695CA81A212C1F00E0B6A4 /* GTTag+Time.m */ = {isa = PBXFileReference; fileEncoding = 4; lastKnownFileType = sourcecode.c.objc; path = "GTTag+Time.m"; sourceTree = "<group>"; };
		4B695CA91A212C1F00E0B6A4 /* GTTag+Equal.h */ = {isa = PBXFileReference; fileEncoding = 4; lastKnownFileType = sourcecode.c.h; path = "GTTag+Equal.h"; sourceTree = "<group>"; };
		4B695CAA1A212C1F00E0B6A4 /* GTTag+Equal.m */ = {isa = PBXFileReference; fileEncoding = 4; lastKnownFileType = sourcecode.c.objc; path = "GTTag+Equal.m"; sourceTree = "<group>"; };
		4B695CB01A212C3F00E0B6A4 /* DSUnixTaskInterfaces.h */ = {isa = PBXFileReference; fileEncoding = 4; lastKnownFileType = sourcecode.c.h; path = DSUnixTaskInterfaces.h; sourceTree = "<group>"; };
		4B695CB21A212C3F00E0B6A4 /* DSUnixTaskAbstractManager+SubclassesInterface.h */ = {isa = PBXFileReference; fileEncoding = 4; lastKnownFileType = sourcecode.c.h; path = "DSUnixTaskAbstractManager+SubclassesInterface.h"; sourceTree = "<group>"; };
		4B695CB31A212C3F00E0B6A4 /* DSUnixTaskAbstractManager+TaskInterface.h */ = {isa = PBXFileReference; fileEncoding = 4; lastKnownFileType = sourcecode.c.h; path = "DSUnixTaskAbstractManager+TaskInterface.h"; sourceTree = "<group>"; };
		4B695CB41A212C3F00E0B6A4 /* DSUnixTaskAbstractManager.h */ = {isa = PBXFileReference; fileEncoding = 4; lastKnownFileType = sourcecode.c.h; path = DSUnixTaskAbstractManager.h; sourceTree = "<group>"; };
		4B695CB51A212C3F00E0B6A4 /* DSUnixTaskAbstractManager.m */ = {isa = PBXFileReference; fileEncoding = 4; lastKnownFileType = sourcecode.c.objc; path = DSUnixTaskAbstractManager.m; sourceTree = "<group>"; };
		4B695CB61A212C3F00E0B6A4 /* DSUnixTaskSubProcessManager.h */ = {isa = PBXFileReference; fileEncoding = 4; lastKnownFileType = sourcecode.c.h; path = DSUnixTaskSubProcessManager.h; sourceTree = "<group>"; };
		4B695CB71A212C3F00E0B6A4 /* DSUnixTaskSubProcessManager.m */ = {isa = PBXFileReference; fileEncoding = 4; lastKnownFileType = sourcecode.c.objc; path = DSUnixTaskSubProcessManager.m; sourceTree = "<group>"; };
		4B695CB91A212C3F00E0B6A4 /* DSUnixTaskRunner.h */ = {isa = PBXFileReference; fileEncoding = 4; lastKnownFileType = sourcecode.c.h; path = DSUnixTaskRunner.h; sourceTree = "<group>"; };
		4B695CBA1A212C3F00E0B6A4 /* DSUnixTaskRunner.m */ = {isa = PBXFileReference; fileEncoding = 4; lastKnownFileType = sourcecode.c.objc; path = DSUnixTaskRunner.m; sourceTree = "<group>"; };
		4B695CBC1A212C3F00E0B6A4 /* DSUnixShellTask.h */ = {isa = PBXFileReference; fileEncoding = 4; lastKnownFileType = sourcecode.c.h; path = DSUnixShellTask.h; sourceTree = "<group>"; };
		4B695CBD1A212C3F00E0B6A4 /* DSUnixShellTask.m */ = {isa = PBXFileReference; fileEncoding = 4; lastKnownFileType = sourcecode.c.objc; path = DSUnixShellTask.m; sourceTree = "<group>"; };
		4B695CBE1A212C3F00E0B6A4 /* DSUnixTask+ManagerInterface.h */ = {isa = PBXFileReference; fileEncoding = 4; lastKnownFileType = sourcecode.c.h; path = "DSUnixTask+ManagerInterface.h"; sourceTree = "<group>"; };
		4B695CBF1A212C3F00E0B6A4 /* DSUnixTask.h */ = {isa = PBXFileReference; fileEncoding = 4; lastKnownFileType = sourcecode.c.h; path = DSUnixTask.h; sourceTree = "<group>"; };
		4B695CC01A212C3F00E0B6A4 /* DSUnixTask.m */ = {isa = PBXFileReference; fileEncoding = 4; lastKnownFileType = sourcecode.c.objc; path = DSUnixTask.m; sourceTree = "<group>"; };
		4B695CC61A212C8800E0B6A4 /* WCGitTagsPlugin-Prefix.pch */ = {isa = PBXFileReference; lastKnownFileType = sourcecode.c.h; path = "WCGitTagsPlugin-Prefix.pch"; sourceTree = "<group>"; };
		4BFB6AF11A21264E00174F83 /* WCGitTagsPlugin.xcplugin */ = {isa = PBXFileReference; explicitFileType = wrapper.cfbundle; includeInIndex = 0; path = WCGitTagsPlugin.xcplugin; sourceTree = BUILT_PRODUCTS_DIR; };
		4BFB6AF41A21264E00174F83 /* AppKit.framework */ = {isa = PBXFileReference; lastKnownFileType = wrapper.framework; name = AppKit.framework; path = /System/Library/Frameworks/AppKit.framework; sourceTree = "<absolute>"; };
		4BFB6AF61A21264E00174F83 /* Foundation.framework */ = {isa = PBXFileReference; lastKnownFileType = wrapper.framework; name = Foundation.framework; path = /System/Library/Frameworks/Foundation.framework; sourceTree = "<absolute>"; };
		4BFB6AFA1A21264E00174F83 /* Info.plist */ = {isa = PBXFileReference; lastKnownFileType = text.plist.xml; path = Info.plist; sourceTree = "<group>"; };
		4BFB6AFB1A21264E00174F83 /* WCGitTagsPlugin.xcscheme */ = {isa = PBXFileReference; lastKnownFileType = text.xml; name = WCGitTagsPlugin.xcscheme; path = WCGitTagsPlugin.xcodeproj/xcshareddata/xcschemes/WCGitTagsPlugin.xcscheme; sourceTree = SOURCE_ROOT; };
		4BFB6AFD1A21264E00174F83 /* WCGitTagsPlugin.h */ = {isa = PBXFileReference; lastKnownFileType = sourcecode.c.h; path = WCGitTagsPlugin.h; sourceTree = "<group>"; };
		4BFB6AFE1A21264E00174F83 /* WCGitTagsPlugin.m */ = {isa = PBXFileReference; lastKnownFileType = sourcecode.c.objc; path = WCGitTagsPlugin.m; sourceTree = "<group>"; };
/* End PBXFileReference section */

/* Begin PBXFrameworksBuildPhase section */
		4BFB6AEF1A21264E00174F83 /* Frameworks */ = {
			isa = PBXFrameworksBuildPhase;
			buildActionMask = 2147483647;
			files = (
				4B695C941A212BC900E0B6A4 /* CoreServices.framework in Frameworks */,
				4BFB6AF51A21264E00174F83 /* AppKit.framework in Frameworks */,
				4B695C921A212B9100E0B6A4 /* ObjectiveGit.framework in Frameworks */,
				4BFB6AF71A21264E00174F83 /* Foundation.framework in Frameworks */,
			);
			runOnlyForDeploymentPostprocessing = 0;
		};
/* End PBXFrameworksBuildPhase section */

/* Begin PBXGroup section */
		4B695CAF1A212C3F00E0B6A4 /* Core */ = {
			isa = PBXGroup;
			children = (
				4B695CB01A212C3F00E0B6A4 /* DSUnixTaskInterfaces.h */,
				4B695CB11A212C3F00E0B6A4 /* TaskManagers */,
				4B695CB81A212C3F00E0B6A4 /* TaskRunner */,
				4B695CBB1A212C3F00E0B6A4 /* Tasks */,
			);
			path = Core;
			sourceTree = "<group>";
		};
		4B695CB11A212C3F00E0B6A4 /* TaskManagers */ = {
			isa = PBXGroup;
			children = (
				4B695CB21A212C3F00E0B6A4 /* DSUnixTaskAbstractManager+SubclassesInterface.h */,
				4B695CB31A212C3F00E0B6A4 /* DSUnixTaskAbstractManager+TaskInterface.h */,
				4B695CB41A212C3F00E0B6A4 /* DSUnixTaskAbstractManager.h */,
				4B695CB51A212C3F00E0B6A4 /* DSUnixTaskAbstractManager.m */,
				4B695CB61A212C3F00E0B6A4 /* DSUnixTaskSubProcessManager.h */,
				4B695CB71A212C3F00E0B6A4 /* DSUnixTaskSubProcessManager.m */,
			);
			path = TaskManagers;
			sourceTree = "<group>";
		};
		4B695CB81A212C3F00E0B6A4 /* TaskRunner */ = {
			isa = PBXGroup;
			children = (
				4B695CB91A212C3F00E0B6A4 /* DSUnixTaskRunner.h */,
				4B695CBA1A212C3F00E0B6A4 /* DSUnixTaskRunner.m */,
			);
			path = TaskRunner;
			sourceTree = "<group>";
		};
		4B695CBB1A212C3F00E0B6A4 /* Tasks */ = {
			isa = PBXGroup;
			children = (
				4B695CBC1A212C3F00E0B6A4 /* DSUnixShellTask.h */,
				4B695CBD1A212C3F00E0B6A4 /* DSUnixShellTask.m */,
				4B695CBE1A212C3F00E0B6A4 /* DSUnixTask+ManagerInterface.h */,
				4B695CBF1A212C3F00E0B6A4 /* DSUnixTask.h */,
				4B695CC01A212C3F00E0B6A4 /* DSUnixTask.m */,
			);
			path = Tasks;
			sourceTree = "<group>";
		};
		4BFB6AE81A21264E00174F83 = {
			isa = PBXGroup;
			children = (
				4BFB6AF81A21264E00174F83 /* WCGitTagsPlugin */,
				4BFB6AF31A21264E00174F83 /* Frameworks */,
				4BFB6AF21A21264E00174F83 /* Products */,
			);
			sourceTree = "<group>";
		};
		4BFB6AF21A21264E00174F83 /* Products */ = {
			isa = PBXGroup;
			children = (
				4BFB6AF11A21264E00174F83 /* WCGitTagsPlugin.xcplugin */,
			);
			name = Products;
			sourceTree = "<group>";
		};
		4BFB6AF31A21264E00174F83 /* Frameworks */ = {
			isa = PBXGroup;
			children = (
				4B695C931A212BC900E0B6A4 /* CoreServices.framework */,
				4B695C911A212B9100E0B6A4 /* ObjectiveGit.framework */,
				4BFB6AF41A21264E00174F83 /* AppKit.framework */,
				4BFB6AF61A21264E00174F83 /* Foundation.framework */,
			);
			name = Frameworks;
			sourceTree = "<group>";
		};
		4BFB6AF81A21264E00174F83 /* WCGitTagsPlugin */ = {
			isa = PBXGroup;
			children = (
				4B695CAF1A212C3F00E0B6A4 /* Core */,
				4BFB6AFD1A21264E00174F83 /* WCGitTagsPlugin.h */,
				4BFB6AFE1A21264E00174F83 /* WCGitTagsPlugin.m */,
				4B695CA31A212C1F00E0B6A4 /* WCKeyWindow.h */,
				4B695CA41A212C1F00E0B6A4 /* WCKeyWindow.m */,
				4B695CA51A212C1F00E0B6A4 /* WCTagWatchdog.h */,
				4B695CA61A212C1F00E0B6A4 /* WCTagWatchdog.m */,
				4B695CA71A212C1F00E0B6A4 /* GTTag+Time.h */,
				4B695CA81A212C1F00E0B6A4 /* GTTag+Time.m */,
				4B695CA91A212C1F00E0B6A4 /* GTTag+Equal.h */,
				4B695CAA1A212C1F00E0B6A4 /* GTTag+Equal.m */,
				4B695C951A212BEC00E0B6A4 /* View.xib */,
				4BFB6AF91A21264E00174F83 /* Supporting Files */,
			);
			path = WCGitTagsPlugin;
			sourceTree = "<group>";
		};
		4BFB6AF91A21264E00174F83 /* Supporting Files */ = {
			isa = PBXGroup;
			children = (
				4B695CC61A212C8800E0B6A4 /* WCGitTagsPlugin-Prefix.pch */,
				4BFB6AFA1A21264E00174F83 /* Info.plist */,
				4BFB6AFB1A21264E00174F83 /* WCGitTagsPlugin.xcscheme */,
			);
			name = "Supporting Files";
			sourceTree = "<group>";
		};
/* End PBXGroup section */

/* Begin PBXNativeTarget section */
		4BFB6AF01A21264E00174F83 /* WCGitTagsPlugin */ = {
			isa = PBXNativeTarget;
			buildConfigurationList = 4BFB6B021A21264E00174F83 /* Build configuration list for PBXNativeTarget "WCGitTagsPlugin" */;
			buildPhases = (
				4BFB6AED1A21264E00174F83 /* Sources */,
				4BFB6AEE1A21264E00174F83 /* Resources */,
				4BFB6AEF1A21264E00174F83 /* Frameworks */,
			);
			buildRules = (
			);
			dependencies = (
			);
			name = WCGitTagsPlugin;
			productName = WCGitTagsPlugin;
			productReference = 4BFB6AF11A21264E00174F83 /* WCGitTagsPlugin.xcplugin */;
			productType = "com.apple.product-type.bundle";
		};
/* End PBXNativeTarget section */

/* Begin PBXProject section */
		4BFB6AE91A21264E00174F83 /* Project object */ = {
			isa = PBXProject;
			attributes = {
				LastUpgradeCheck = 0610;
				ORGANIZATIONNAME = SRFDev;
				TargetAttributes = {
					4BFB6AF01A21264E00174F83 = {
						CreatedOnToolsVersion = 6.1;
					};
				};
			};
			buildConfigurationList = 4BFB6AEC1A21264E00174F83 /* Build configuration list for PBXProject "WCGitTagsPlugin" */;
			compatibilityVersion = "Xcode 3.2";
			developmentRegion = English;
			hasScannedForEncodings = 0;
			knownRegions = (
				en,
			);
			mainGroup = 4BFB6AE81A21264E00174F83;
			productRefGroup = 4BFB6AF21A21264E00174F83 /* Products */;
			projectDirPath = "";
			projectRoot = "";
			targets = (
				4BFB6AF01A21264E00174F83 /* WCGitTagsPlugin */,
			);
		};
/* End PBXProject section */

/* Begin PBXResourcesBuildPhase section */
		4BFB6AEE1A21264E00174F83 /* Resources */ = {
			isa = PBXResourcesBuildPhase;
			buildActionMask = 2147483647;
			files = (
				4B695C961A212BEC00E0B6A4 /* View.xib in Resources */,
				4BFB6AFC1A21264E00174F83 /* WCGitTagsPlugin.xcscheme in Resources */,
			);
			runOnlyForDeploymentPostprocessing = 0;
		};
/* End PBXResourcesBuildPhase section */

/* Begin PBXSourcesBuildPhase section */
		4BFB6AED1A21264E00174F83 /* Sources */ = {
			isa = PBXSourcesBuildPhase;
			buildActionMask = 2147483647;
			files = (
				4B695CAD1A212C1F00E0B6A4 /* GTTag+Time.m in Sources */,
				4B695CC11A212C3F00E0B6A4 /* DSUnixTaskAbstractManager.m in Sources */,
				4BFB6AFF1A21264E00174F83 /* WCGitTagsPlugin.m in Sources */,
				4B695CC41A212C3F00E0B6A4 /* DSUnixShellTask.m in Sources */,
				4B695CC21A212C3F00E0B6A4 /* DSUnixTaskSubProcessManager.m in Sources */,
				4B695CC51A212C3F00E0B6A4 /* DSUnixTask.m in Sources */,
				4B695CAB1A212C1F00E0B6A4 /* WCKeyWindow.m in Sources */,
				4B695CC31A212C3F00E0B6A4 /* DSUnixTaskRunner.m in Sources */,
				4B695CAE1A212C1F00E0B6A4 /* GTTag+Equal.m in Sources */,
				4B695CAC1A212C1F00E0B6A4 /* WCTagWatchdog.m in Sources */,
			);
			runOnlyForDeploymentPostprocessing = 0;
		};
/* End PBXSourcesBuildPhase section */

/* Begin XCBuildConfiguration section */
		4BFB6B001A21264E00174F83 /* Debug */ = {
			isa = XCBuildConfiguration;
			buildSettings = {
				ALWAYS_SEARCH_USER_PATHS = NO;
				CLANG_CXX_LANGUAGE_STANDARD = "gnu++0x";
				CLANG_CXX_LIBRARY = "libc++";
				CLANG_ENABLE_MODULES = YES;
				CLANG_ENABLE_OBJC_ARC = YES;
				CLANG_WARN_BOOL_CONVERSION = YES;
				CLANG_WARN_CONSTANT_CONVERSION = YES;
				CLANG_WARN_DIRECT_OBJC_ISA_USAGE = YES_ERROR;
				CLANG_WARN_EMPTY_BODY = YES;
				CLANG_WARN_ENUM_CONVERSION = YES;
				CLANG_WARN_INT_CONVERSION = YES;
				CLANG_WARN_OBJC_ROOT_CLASS = YES_ERROR;
				CLANG_WARN_UNREACHABLE_CODE = YES;
				CLANG_WARN__DUPLICATE_METHOD_MATCH = YES;
				COPY_PHASE_STRIP = NO;
				DEBUG_INFORMATION_FORMAT = "dwarf-with-dsym";
				ENABLE_STRICT_OBJC_MSGSEND = YES;
				GCC_C_LANGUAGE_STANDARD = gnu99;
				GCC_DYNAMIC_NO_PIC = NO;
				GCC_OPTIMIZATION_LEVEL = 0;
				GCC_PREPROCESSOR_DEFINITIONS = (
					"DEBUG=1",
					"$(inherited)",
				);
				GCC_SYMBOLS_PRIVATE_EXTERN = NO;
				GCC_WARN_64_TO_32_BIT_CONVERSION = YES;
				GCC_WARN_ABOUT_RETURN_TYPE = YES_ERROR;
				GCC_WARN_UNDECLARED_SELECTOR = YES;
				GCC_WARN_UNINITIALIZED_AUTOS = YES_AGGRESSIVE;
				GCC_WARN_UNUSED_FUNCTION = YES;
				GCC_WARN_UNUSED_VARIABLE = YES;
				MACOSX_DEPLOYMENT_TARGET = 10.9;
				MTL_ENABLE_DEBUG_INFO = YES;
				ONLY_ACTIVE_ARCH = YES;
			};
			name = Debug;
		};
		4BFB6B011A21264E00174F83 /* Release */ = {
			isa = XCBuildConfiguration;
			buildSettings = {
				ALWAYS_SEARCH_USER_PATHS = NO;
				CLANG_CXX_LANGUAGE_STANDARD = "gnu++0x";
				CLANG_CXX_LIBRARY = "libc++";
				CLANG_ENABLE_MODULES = YES;
				CLANG_ENABLE_OBJC_ARC = YES;
				CLANG_WARN_BOOL_CONVERSION = YES;
				CLANG_WARN_CONSTANT_CONVERSION = YES;
				CLANG_WARN_DIRECT_OBJC_ISA_USAGE = YES_ERROR;
				CLANG_WARN_EMPTY_BODY = YES;
				CLANG_WARN_ENUM_CONVERSION = YES;
				CLANG_WARN_INT_CONVERSION = YES;
				CLANG_WARN_OBJC_ROOT_CLASS = YES_ERROR;
				CLANG_WARN_UNREACHABLE_CODE = YES;
				CLANG_WARN__DUPLICATE_METHOD_MATCH = YES;
				COPY_PHASE_STRIP = YES;
				DEBUG_INFORMATION_FORMAT = "dwarf-with-dsym";
				ENABLE_NS_ASSERTIONS = NO;
				ENABLE_STRICT_OBJC_MSGSEND = YES;
				GCC_C_LANGUAGE_STANDARD = gnu99;
				GCC_WARN_64_TO_32_BIT_CONVERSION = YES;
				GCC_WARN_ABOUT_RETURN_TYPE = YES_ERROR;
				GCC_WARN_UNDECLARED_SELECTOR = YES;
				GCC_WARN_UNINITIALIZED_AUTOS = YES_AGGRESSIVE;
				GCC_WARN_UNUSED_FUNCTION = YES;
				GCC_WARN_UNUSED_VARIABLE = YES;
				MACOSX_DEPLOYMENT_TARGET = 10.9;
				MTL_ENABLE_DEBUG_INFO = NO;
			};
			name = Release;
		};
		4BFB6B031A21264E00174F83 /* Debug */ = {
			isa = XCBuildConfiguration;
			buildSettings = {
				COMBINE_HIDPI_IMAGES = YES;
				DEPLOYMENT_LOCATION = YES;
				DSTROOT = "$(HOME)";
				FRAMEWORK_SEARCH_PATHS = (
					"$(inherited)",
					"$(PROJECT_DIR)",
				);
				GCC_PREFIX_HEADER = "WCGitTagsPlugin/WCGitTagsPlugin-Prefix.pch";
				INFOPLIST_FILE = WCGitTagsPlugin/Info.plist;
				INSTALL_PATH = "/Library/Application Support/Developer/Shared/Xcode/Plug-ins";
				MACOSX_DEPLOYMENT_TARGET = 10.9;
				PRODUCT_NAME = "$(TARGET_NAME)";
				SDKROOT = macosx;
				WRAPPER_EXTENSION = xcplugin;
			};
			name = Debug;
		};
		4BFB6B041A21264E00174F83 /* Release */ = {
			isa = XCBuildConfiguration;
			buildSettings = {
				COMBINE_HIDPI_IMAGES = YES;
				DEPLOYMENT_LOCATION = YES;
				DSTROOT = "$(HOME)";
				FRAMEWORK_SEARCH_PATHS = (
					"$(inherited)",
					"$(PROJECT_DIR)",
				);
				GCC_PREFIX_HEADER = "WCGitTagsPlugin/WCGitTagsPlugin-Prefix.pch";
				INFOPLIST_FILE = WCGitTagsPlugin/Info.plist;
				INSTALL_PATH = "/Library/Application Support/Developer/Shared/Xcode/Plug-ins";
				MACOSX_DEPLOYMENT_TARGET = 10.9;
				PRODUCT_NAME = "$(TARGET_NAME)";
				SDKROOT = macosx;
				WRAPPER_EXTENSION = xcplugin;
			};
			name = Release;
		};
/* End XCBuildConfiguration section */

/* Begin XCConfigurationList section */
		4BFB6AEC1A21264E00174F83 /* Build configuration list for PBXProject "WCGitTagsPlugin" */ = {
			isa = XCConfigurationList;
			buildConfigurations = (
				4BFB6B001A21264E00174F83 /* Debug */,
				4BFB6B011A21264E00174F83 /* Release */,
			);
			defaultConfigurationIsVisible = 0;
			defaultConfigurationName = Release;
		};
		4BFB6B021A21264E00174F83 /* Build configuration list for PBXNativeTarget "WCGitTagsPlugin" */ = {
			isa = XCConfigurationList;
			buildConfigurations = (
				4BFB6B031A21264E00174F83 /* Debug */,
				4BFB6B041A21264E00174F83 /* Release */,
			);
			defaultConfigurationIsVisible = 0;
			defaultConfigurationName = Release;
		};
/* End XCConfigurationList section */
	};
	rootObject = 4BFB6AE91A21264E00174F83 /* Project object */;
}
