// !$*UTF8*$!
{
	archiveVersion = 1;
	classes = {
	};
	objectVersion = 46;
	objects = {

/* Begin PBXBuildFile section */
		C9E9F21918E1AE0F0051DF61 /* AppKit.framework in Frameworks */ = {isa = PBXBuildFile; fileRef = C9E9F21818E1AE0F0051DF61 /* AppKit.framework */; };
		C9E9F21B18E1AE0F0051DF61 /* Foundation.framework in Frameworks */ = {isa = PBXBuildFile; fileRef = C9E9F21A18E1AE0F0051DF61 /* Foundation.framework */; };
		C9E9F22118E1AE0F0051DF61 /* InfoPlist.strings in Resources */ = {isa = PBXBuildFile; fileRef = C9E9F21F18E1AE0F0051DF61 /* InfoPlist.strings */; };
		C9E9F22418E1AE0F0051DF61 /* WCGitTagsPlugin.m in Sources */ = {isa = PBXBuildFile; fileRef = C9E9F22318E1AE0F0051DF61 /* WCGitTagsPlugin.m */; };
/* End PBXBuildFile section */

/* Begin PBXFileReference section */
		C9E9F21518E1AE0E0051DF61 /* WCGitTagsPlugin.xcplugin */ = {isa = PBXFileReference; explicitFileType = wrapper.cfbundle; includeInIndex = 0; path = WCGitTagsPlugin.xcplugin; sourceTree = BUILT_PRODUCTS_DIR; };
		C9E9F21818E1AE0F0051DF61 /* AppKit.framework */ = {isa = PBXFileReference; lastKnownFileType = wrapper.framework; name = AppKit.framework; path = System/Library/Frameworks/AppKit.framework; sourceTree = SDKROOT; };
		C9E9F21A18E1AE0F0051DF61 /* Foundation.framework */ = {isa = PBXFileReference; lastKnownFileType = wrapper.framework; name = Foundation.framework; path = System/Library/Frameworks/Foundation.framework; sourceTree = SDKROOT; };
		C9E9F21E18E1AE0F0051DF61 /* WCGitTagsPlugin-Info.plist */ = {isa = PBXFileReference; lastKnownFileType = text.plist.xml; path = "WCGitTagsPlugin-Info.plist"; sourceTree = "<group>"; };
		C9E9F22018E1AE0F0051DF61 /* en */ = {isa = PBXFileReference; lastKnownFileType = text.plist.strings; name = en; path = en.lproj/InfoPlist.strings; sourceTree = "<group>"; };
		C9E9F22218E1AE0F0051DF61 /* WCGitTagsPlugin.h */ = {isa = PBXFileReference; lastKnownFileType = sourcecode.c.h; path = WCGitTagsPlugin.h; sourceTree = "<group>"; };
		C9E9F22318E1AE0F0051DF61 /* WCGitTagsPlugin.m */ = {isa = PBXFileReference; lastKnownFileType = sourcecode.c.objc; path = WCGitTagsPlugin.m; sourceTree = "<group>"; };
		C9E9F22518E1AE0F0051DF61 /* WCGitTagsPlugin-Prefix.pch */ = {isa = PBXFileReference; lastKnownFileType = sourcecode.c.h; path = "WCGitTagsPlugin-Prefix.pch"; sourceTree = "<group>"; };
/* End PBXFileReference section */

/* Begin PBXFrameworksBuildPhase section */
		C9E9F21218E1AE0E0051DF61 /* Frameworks */ = {
			isa = PBXFrameworksBuildPhase;
			buildActionMask = 2147483647;
			files = (
				C9E9F21918E1AE0F0051DF61 /* AppKit.framework in Frameworks */,
				C9E9F21B18E1AE0F0051DF61 /* Foundation.framework in Frameworks */,
			);
			runOnlyForDeploymentPostprocessing = 0;
		};
/* End PBXFrameworksBuildPhase section */

/* Begin PBXGroup section */
		C9E9F20C18E1AE0E0051DF61 = {
			isa = PBXGroup;
			children = (
				C9E9F21C18E1AE0F0051DF61 /* WCGitTagsPlugin */,
				C9E9F21718E1AE0E0051DF61 /* Frameworks */,
				C9E9F21618E1AE0E0051DF61 /* Products */,
			);
			sourceTree = "<group>";
		};
		C9E9F21618E1AE0E0051DF61 /* Products */ = {
			isa = PBXGroup;
			children = (
				C9E9F21518E1AE0E0051DF61 /* WCGitTagsPlugin.xcplugin */,
			);
			name = Products;
			sourceTree = "<group>";
		};
		C9E9F21718E1AE0E0051DF61 /* Frameworks */ = {
			isa = PBXGroup;
			children = (
				C9E9F21818E1AE0F0051DF61 /* AppKit.framework */,
				C9E9F21A18E1AE0F0051DF61 /* Foundation.framework */,
			);
			name = Frameworks;
			sourceTree = "<group>";
		};
		C9E9F21C18E1AE0F0051DF61 /* WCGitTagsPlugin */ = {
			isa = PBXGroup;
			children = (
				C9E9F22218E1AE0F0051DF61 /* WCGitTagsPlugin.h */,
				C9E9F22318E1AE0F0051DF61 /* WCGitTagsPlugin.m */,
				C9E9F21D18E1AE0F0051DF61 /* Supporting Files */,
			);
			path = WCGitTagsPlugin;
			sourceTree = "<group>";
		};
		C9E9F21D18E1AE0F0051DF61 /* Supporting Files */ = {
			isa = PBXGroup;
			children = (
				C9E9F21E18E1AE0F0051DF61 /* WCGitTagsPlugin-Info.plist */,
				C9E9F21F18E1AE0F0051DF61 /* InfoPlist.strings */,
				C9E9F22518E1AE0F0051DF61 /* WCGitTagsPlugin-Prefix.pch */,
			);
			name = "Supporting Files";
			sourceTree = "<group>";
		};
/* End PBXGroup section */

/* Begin PBXNativeTarget section */
		C9E9F21418E1AE0E0051DF61 /* WCGitTagsPlugin */ = {
			isa = PBXNativeTarget;
			buildConfigurationList = C9E9F22818E1AE0F0051DF61 /* Build configuration list for PBXNativeTarget "WCGitTagsPlugin" */;
			buildPhases = (
				C9E9F21118E1AE0E0051DF61 /* Sources */,
				C9E9F21218E1AE0E0051DF61 /* Frameworks */,
				C9E9F21318E1AE0E0051DF61 /* Resources */,
			);
			buildRules = (
			);
			dependencies = (
			);
			name = WCGitTagsPlugin;
			productName = WCGitTagsPlugin;
			productReference = C9E9F21518E1AE0E0051DF61 /* WCGitTagsPlugin.xcplugin */;
			productType = "com.apple.product-type.bundle";
		};
/* End PBXNativeTarget section */

/* Begin PBXProject section */
		C9E9F20D18E1AE0E0051DF61 /* Project object */ = {
			isa = PBXProject;
			attributes = {
				LastUpgradeCheck = 0510;
				ORGANIZATIONNAME = "Wojciech Czekalski";
			};
			buildConfigurationList = C9E9F21018E1AE0E0051DF61 /* Build configuration list for PBXProject "WCGitTagsPlugin" */;
			compatibilityVersion = "Xcode 3.2";
			developmentRegion = English;
			hasScannedForEncodings = 0;
			knownRegions = (
				en,
			);
			mainGroup = C9E9F20C18E1AE0E0051DF61;
			productRefGroup = C9E9F21618E1AE0E0051DF61 /* Products */;
			projectDirPath = "";
			projectRoot = "";
			targets = (
				C9E9F21418E1AE0E0051DF61 /* WCGitTagsPlugin */,
			);
		};
/* End PBXProject section */

/* Begin PBXResourcesBuildPhase section */
		C9E9F21318E1AE0E0051DF61 /* Resources */ = {
			isa = PBXResourcesBuildPhase;
			buildActionMask = 2147483647;
			files = (
				C9E9F22118E1AE0F0051DF61 /* InfoPlist.strings in Resources */,
			);
			runOnlyForDeploymentPostprocessing = 0;
		};
/* End PBXResourcesBuildPhase section */

/* Begin PBXSourcesBuildPhase section */
		C9E9F21118E1AE0E0051DF61 /* Sources */ = {
			isa = PBXSourcesBuildPhase;
			buildActionMask = 2147483647;
			files = (
				C9E9F22418E1AE0F0051DF61 /* WCGitTagsPlugin.m in Sources */,
			);
			runOnlyForDeploymentPostprocessing = 0;
		};
/* End PBXSourcesBuildPhase section */

/* Begin PBXVariantGroup section */
		C9E9F21F18E1AE0F0051DF61 /* InfoPlist.strings */ = {
			isa = PBXVariantGroup;
			children = (
				C9E9F22018E1AE0F0051DF61 /* en */,
			);
			name = InfoPlist.strings;
			sourceTree = "<group>";
		};
/* End PBXVariantGroup section */

/* Begin XCBuildConfiguration section */
		C9E9F22618E1AE0F0051DF61 /* Debug */ = {
			isa = XCBuildConfiguration;
			buildSettings = {
				ALWAYS_SEARCH_USER_PATHS = NO;
				CLANG_CXX_LANGUAGE_STANDARD = "gnu++0x";
				CLANG_CXX_LIBRARY = "libc++";
				CLANG_ENABLE_MODULES = YES;
				CLANG_ENABLE_OBJC_ARC = YES;
				CLANG_WARN_BOOL_CONVERSION = YES;
				CLANG_WARN_CONSTANT_CONVERSION = YES;
				CLANG_WARN_DIRECT_OBJC_ISA_USAGE = YES_ERROR;
				CLANG_WARN_EMPTY_BODY = YES;
				CLANG_WARN_ENUM_CONVERSION = YES;
				CLANG_WARN_INT_CONVERSION = YES;
				CLANG_WARN_OBJC_ROOT_CLASS = YES_ERROR;
				CLANG_WARN__DUPLICATE_METHOD_MATCH = YES;
				COPY_PHASE_STRIP = NO;
				GCC_C_LANGUAGE_STANDARD = gnu99;
				GCC_DYNAMIC_NO_PIC = NO;
				GCC_ENABLE_OBJC_EXCEPTIONS = YES;
				GCC_OPTIMIZATION_LEVEL = 0;
				GCC_PREPROCESSOR_DEFINITIONS = (
					"DEBUG=1",
					"$(inherited)",
				);
				GCC_SYMBOLS_PRIVATE_EXTERN = NO;
				GCC_WARN_64_TO_32_BIT_CONVERSION = YES;
				GCC_WARN_ABOUT_RETURN_TYPE = YES_ERROR;
				GCC_WARN_UNDECLARED_SELECTOR = YES;
				GCC_WARN_UNINITIALIZED_AUTOS = YES_AGGRESSIVE;
				GCC_WARN_UNUSED_FUNCTION = YES;
				GCC_WARN_UNUSED_VARIABLE = YES;
				MACOSX_DEPLOYMENT_TARGET = 10.9;
				ONLY_ACTIVE_ARCH = YES;
				SDKROOT = macosx;
			};
			name = Debug;
		};
		C9E9F22718E1AE0F0051DF61 /* Release */ = {
			isa = XCBuildConfiguration;
			buildSettings = {
				ALWAYS_SEARCH_USER_PATHS = NO;
				CLANG_CXX_LANGUAGE_STANDARD = "gnu++0x";
				CLANG_CXX_LIBRARY = "libc++";
				CLANG_ENABLE_MODULES = YES;
				CLANG_ENABLE_OBJC_ARC = YES;
				CLANG_WARN_BOOL_CONVERSION = YES;
				CLANG_WARN_CONSTANT_CONVERSION = YES;
				CLANG_WARN_DIRECT_OBJC_ISA_USAGE = YES_ERROR;
				CLANG_WARN_EMPTY_BODY = YES;
				CLANG_WARN_ENUM_CONVERSION = YES;
				CLANG_WARN_INT_CONVERSION = YES;
				CLANG_WARN_OBJC_ROOT_CLASS = YES_ERROR;
				CLANG_WARN__DUPLICATE_METHOD_MATCH = YES;
				COPY_PHASE_STRIP = YES;
				DEBUG_INFORMATION_FORMAT = "dwarf-with-dsym";
				ENABLE_NS_ASSERTIONS = NO;
				GCC_C_LANGUAGE_STANDARD = gnu99;
				GCC_ENABLE_OBJC_EXCEPTIONS = YES;
				GCC_WARN_64_TO_32_BIT_CONVERSION = YES;
				GCC_WARN_ABOUT_RETURN_TYPE = YES_ERROR;
				GCC_WARN_UNDECLARED_SELECTOR = YES;
				GCC_WARN_UNINITIALIZED_AUTOS = YES_AGGRESSIVE;
				GCC_WARN_UNUSED_FUNCTION = YES;
				GCC_WARN_UNUSED_VARIABLE = YES;
				MACOSX_DEPLOYMENT_TARGET = 10.9;
				SDKROOT = macosx;
			};
			name = Release;
		};
		C9E9F22918E1AE0F0051DF61 /* Debug */ = {
			isa = XCBuildConfiguration;
			buildSettings = {
				COMBINE_HIDPI_IMAGES = YES;
				DEPLOYMENT_LOCATION = YES;
				DSTROOT = "$(HOME)";
				GCC_PRECOMPILE_PREFIX_HEADER = YES;
				GCC_PREFIX_HEADER = "WCGitTagsPlugin/WCGitTagsPlugin-Prefix.pch";
				INFOPLIST_FILE = "WCGitTagsPlugin/WCGitTagsPlugin-Info.plist";
				INSTALL_PATH = "/Library/Application Support/Developer/Shared/Xcode/Plug-ins";
				PRODUCT_NAME = "$(TARGET_NAME)";
				WRAPPER_EXTENSION = xcplugin;
			};
			name = Debug;
		};
		C9E9F22A18E1AE0F0051DF61 /* Release */ = {
			isa = XCBuildConfiguration;
			buildSettings = {
				COMBINE_HIDPI_IMAGES = YES;
				DEPLOYMENT_LOCATION = YES;
				DSTROOT = "$(HOME)";
				GCC_PRECOMPILE_PREFIX_HEADER = YES;
				GCC_PREFIX_HEADER = "WCGitTagsPlugin/WCGitTagsPlugin-Prefix.pch";
				INFOPLIST_FILE = "WCGitTagsPlugin/WCGitTagsPlugin-Info.plist";
				INSTALL_PATH = "/Library/Application Support/Developer/Shared/Xcode/Plug-ins";
				PRODUCT_NAME = "$(TARGET_NAME)";
				WRAPPER_EXTENSION = xcplugin;
			};
			name = Release;
		};
/* End XCBuildConfiguration section */

/* Begin XCConfigurationList section */
		C9E9F21018E1AE0E0051DF61 /* Build configuration list for PBXProject "WCGitTagsPlugin" */ = {
			isa = XCConfigurationList;
			buildConfigurations = (
				C9E9F22618E1AE0F0051DF61 /* Debug */,
				C9E9F22718E1AE0F0051DF61 /* Release */,
			);
			defaultConfigurationIsVisible = 0;
			defaultConfigurationName = Release;
		};
		C9E9F22818E1AE0F0051DF61 /* Build configuration list for PBXNativeTarget "WCGitTagsPlugin" */ = {
			isa = XCConfigurationList;
			buildConfigurations = (
				C9E9F22918E1AE0F0051DF61 /* Debug */,
				C9E9F22A18E1AE0F0051DF61 /* Release */,
			);
			defaultConfigurationIsVisible = 0;
		};
/* End XCConfigurationList section */
	};
	rootObject = C9E9F20D18E1AE0E0051DF61 /* Project object */;
}
